
Microsoft Visual Studio Solution File, Format Version 12.00
# Visual Studio 15
VisualStudioVersion = 15.0.27703.2035
MinimumVisualStudioVersion = 10.0.40219.1
Project("{2150E333-8FDC-42A3-9474-1A3956D46DE8}") = "src", "src", "{C0B0E790-C850-4F55-AB5D-AB4D8D16226D}"
EndProject
Project("{2150E333-8FDC-42A3-9474-1A3956D46DE8}") = "test", "test", "{84DD9503-33FF-4D15-B093-30D01CE5259F}"
EndProject
Project("{FAE04EC0-301F-11D3-BF4B-00C04F79EFBC}") = "XUnitTestProj", "test\XUnitTestProj\XUnitTestProj.csproj", "{27D2312A-E79B-444A-A440-9576309B5B1B}"
EndProject
Project("{9A19103F-16F7-4668-BE54-9A1E7A4F7556}") = "TestFailx101", "src\TestFailx101\TestFailx101.csproj", "{445E2926-55E5-4EE8-9559-4BC3A1D2CCC7}"
EndProject
Global
	GlobalSection(SolutionConfigurationPlatforms) = preSolution
		Debug|Any CPU = Debug|Any CPU
		Release|Any CPU = Release|Any CPU
	EndGlobalSection
	GlobalSection(ProjectConfigurationPlatforms) = postSolution
		{27D2312A-E79B-444A-A440-9576309B5B1B}.Debug|Any CPU.ActiveCfg = Debug|Any CPU
		{27D2312A-E79B-444A-A440-9576309B5B1B}.Debug|Any CPU.Build.0 = Debug|Any CPU
		{27D2312A-E79B-444A-A440-9576309B5B1B}.Release|Any CPU.ActiveCfg = Release|Any CPU
		{27D2312A-E79B-444A-A440-9576309B5B1B}.Release|Any CPU.Build.0 = Release|Any CPU
		{445E2926-55E5-4EE8-9559-4BC3A1D2CCC7}.Debug|Any CPU.ActiveCfg = Debug|Any CPU
		{445E2926-55E5-4EE8-9559-4BC3A1D2CCC7}.Debug|Any CPU.Build.0 = Debug|Any CPU
		{445E2926-55E5-4EE8-9559-4BC3A1D2CCC7}.Release|Any CPU.ActiveCfg = Release|Any CPU
		{445E2926-55E5-4EE8-9559-4BC3A1D2CCC7}.Release|Any CPU.Build.0 = Release|Any CPU
	EndGlobalSection
	GlobalSection(SolutionProperties) = preSolution
		HideSolutionNode = FALSE
	EndGlobalSection
	GlobalSection(NestedProjects) = preSolution
		{27D2312A-E79B-444A-A440-9576309B5B1B} = {84DD9503-33FF-4D15-B093-30D01CE5259F}
		{445E2926-55E5-4EE8-9559-4BC3A1D2CCC7} = {C0B0E790-C850-4F55-AB5D-AB4D8D16226D}
	EndGlobalSection
	GlobalSection(ExtensibilityGlobals) = postSolution
		SolutionGuid = {81BF551A-F746-45D4-AE67-2CDCE8ADB859}
	EndGlobalSection
EndGlobal
